<?xml version="1.0" encoding="utf-8"?>
<Project ToolsVersion="4.0" xmlns="http://schemas.microsoft.com/developer/msbuild/2003">
  <ItemGroup>
    <Filter Include="Source Files">
      <UniqueIdentifier>{4FC737F1-C7A5-4376-A066-2A32D752A2FF}</UniqueIdentifier>
      <Extensions>cpp;c;cc;cxx;def;odl;idl;hpj;bat;asm;asmx</Extensions>
    </Filter>
    <Filter Include="Header Files">
      <UniqueIdentifier>{93995380-89BD-4b04-88EB-625FBE52EBFB}</UniqueIdentifier>
      <Extensions>h;hh;hpp;hxx;hm;inl;inc;xsd</Extensions>
    </Filter>
    <Filter Include="Resource Files">
      <UniqueIdentifier>{67DA6AB6-F800-4c08-8B7A-83BB121AAD01}</UniqueIdentifier>
      <Extensions>rc;ico;cur;bmp;dlg;rc2;rct;bin;rgs;gif;jpg;jpeg;jpe;resx;tiff;tif;png;wav;mfcribbon-ms</Extensions>
    </Filter>
    <Filter Include="Resource Files\Shaders">
      <UniqueIdentifier>{0a3bacfa-228c-49ee-a15a-cc0eec94fda8}</UniqueIdentifier>
    </Filter>
  </ItemGroup>
  <ItemGroup>
    <ClInclude Include="Main.h">
      <Filter>Header Files</Filter>
    </ClInclude>
    <ClInclude Include="Texture.h">
      <Filter>Header Files</Filter>
    </ClInclude>
    <ClInclude Include="Game.h">
      <Filter>Header Files</Filter>
    </ClInclude>
    <ClInclude Include="Res.h">
      <Filter>Header Files</Filter>
    </ClInclude>
    <ClInclude Include="lodepng.h">
      <Filter>Header Files</Filter>
    </ClInclude>
    <ClInclude Include="Object.h">
      <Filter>Header Files</Filter>
    </ClInclude>
    <ClInclude Include="Vector2f.h">
      <Filter>Header Files</Filter>
    </ClInclude>
    <ClInclude Include="Input.h">
      <Filter>Header Files</Filter>
    </ClInclude>
    <ClInclude Include="Player.h">
      <Filter>Header Files</Filter>
    </ClInclude>
    <ClInclude Include="Weapon.h">
      <Filter>Header Files</Filter>
    </ClInclude>
    <ClInclude Include="Building.h">
      <Filter>Header Files</Filter>
    </ClInclude>
    <ClInclude Include="World.h">
      <Filter>Header Files</Filter>
    </ClInclude>
    <ClInclude Include="WorldManager.h">
      <Filter>Header Files</Filter>
    </ClInclude>
    <ClInclude Include="Entity.h">
      <Filter>Header Files</Filter>
    </ClInclude>
    <ClInclude Include="LoadZone.h">
      <Filter>Header Files</Filter>
    </ClInclude>
    <ClInclude Include="Text.h">
      <Filter>Header Files</Filter>
    </ClInclude>
    <ClInclude Include="Camera.h">
      <Filter>Header Files</Filter>
    </ClInclude>
    <ClInclude Include="Terrain.h">
      <Filter>Header Files</Filter>
    </ClInclude>
    <ClInclude Include="resource.h">
      <Filter>Header Files</Filter>
    </ClInclude>
    <ClInclude Include="NPC.h">
      <Filter>Header Files</Filter>
    </ClInclude>
    <ClInclude Include="ParticleSystem.h">
      <Filter>Header Files</Filter>
    </ClInclude>
    <ClInclude Include="Color.h">
      <Filter>Header Files</Filter>
    </ClInclude>
    <ClInclude Include="Mission.h">
      <Filter>Header Files</Filter>
    </ClInclude>
    <ClInclude Include="resource1.h">
      <Filter>Header Files</Filter>
    </ClInclude>
    <ClInclude Include="UIElement.h">
      <Filter>Header Files</Filter>
    </ClInclude>
    <ClInclude Include="Slime.h">
      <Filter>Header Files</Filter>
    </ClInclude>
    <ClInclude Include="Skill.h">
      <Filter>Header Files</Filter>
    </ClInclude>
    <ClInclude Include="Gem.h">
      <Filter>Header Files</Filter>
    </ClInclude>
    <ClInclude Include="Renderer.h">
      <Filter>Header Files</Filter>
    </ClInclude>
    <ClInclude Include="Screen.h">
      <Filter>Header Files</Filter>
    </ClInclude>
    <ClInclude Include="Graph.h">
      <Filter>Header Files</Filter>
    </ClInclude>
    <ClInclude Include="Info.h">
      <Filter>Header Files</Filter>
    </ClInclude>
    <ClInclude Include="NPCAction.h">
      <Filter>Header Files</Filter>
    </ClInclude>
  </ItemGroup>
  <ItemGroup>
    <ClCompile Include="Main.cpp">
      <Filter>Source Files</Filter>
    </ClCompile>
    <ClCompile Include="Texture.cpp">
      <Filter>Source Files</Filter>
    </ClCompile>
    <ClCompile Include="Game.cpp">
      <Filter>Source Files</Filter>
    </ClCompile>
    <ClCompile Include="Res.cpp">
      <Filter>Source Files</Filter>
    </ClCompile>
    <ClCompile Include="lodepng.cpp">
      <Filter>Source Files</Filter>
    </ClCompile>
    <ClCompile Include="Object.cpp">
      <Filter>Source Files</Filter>
    </ClCompile>
    <ClCompile Include="Vector2f.cpp">
      <Filter>Source Files</Filter>
    </ClCompile>
    <ClCompile Include="Input.cpp">
      <Filter>Source Files</Filter>
    </ClCompile>
    <ClCompile Include="Player.cpp">
      <Filter>Source Files</Filter>
    </ClCompile>
    <ClCompile Include="Weapon.cpp">
      <Filter>Source Files</Filter>
    </ClCompile>
    <ClCompile Include="Building.cpp">
      <Filter>Source Files</Filter>
    </ClCompile>
    <ClCompile Include="World.cpp">
      <Filter>Source Files</Filter>
    </ClCompile>
    <ClCompile Include="WorldManager.cpp">
      <Filter>Source Files</Filter>
    </ClCompile>
    <ClCompile Include="Entity.cpp">
      <Filter>Source Files</Filter>
    </ClCompile>
    <ClCompile Include="LoadZone.cpp">
      <Filter>Source Files</Filter>
    </ClCompile>
    <ClCompile Include="Text.cpp">
      <Filter>Source Files</Filter>
    </ClCompile>
    <ClCompile Include="Camera.cpp">
      <Filter>Source Files</Filter>
    </ClCompile>
    <ClCompile Include="Terrain.cpp">
      <Filter>Source Files</Filter>
    </ClCompile>
    <ClCompile Include="NPC.cpp">
      <Filter>Source Files</Filter>
    </ClCompile>
    <ClCompile Include="ParticleSystem.cpp">
      <Filter>Source Files</Filter>
    </ClCompile>
    <ClCompile Include="Color.cpp">
      <Filter>Source Files</Filter>
    </ClCompile>
    <ClCompile Include="Mission.cpp">
      <Filter>Source Files</Filter>
    </ClCompile>
    <ClCompile Include="UIElement.cpp">
      <Filter>Source Files</Filter>
    </ClCompile>
    <ClCompile Include="Slime.cpp">
      <Filter>Source Files</Filter>
    </ClCompile>
    <ClCompile Include="Skill.cpp">
      <Filter>Source Files</Filter>
    </ClCompile>
    <ClCompile Include="Gem.cpp">
      <Filter>Source Files</Filter>
    </ClCompile>
    <ClCompile Include="Renderer.cpp">
      <Filter>Source Files</Filter>
    </ClCompile>
    <ClCompile Include="Screen.cpp">
      <Filter>Source Files</Filter>
    </ClCompile>
    <ClCompile Include="Graph.cpp">
      <Filter>Source Files</Filter>
    </ClCompile>
    <ClCompile Include="Info.cpp">
      <Filter>Source Files</Filter>
    </ClCompile>
    <ClCompile Include="NPCAction.cpp">
      <Filter>Source Files</Filter>
    </ClCompile>
  </ItemGroup>
  <ItemGroup>
    <Text Include="Storyboard.txt">
      <Filter>Resource Files</Filter>
    </Text>
    <Text Include="Resources\lightFragmentShader.txt">
      <Filter>Resource Files\Shaders</Filter>
    </Text>
    <Text Include="Resources\lightVertexShader.txt">
      <Filter>Resource Files\Shaders</Filter>
    </Text>
    <Text Include="Resources\particleFragmentShader.txt">
      <Filter>Resource Files\Shaders</Filter>
    </Text>
    <Text Include="Resources\particleVertexShader.txt">
      <Filter>Resource Files\Shaders</Filter>
    </Text>
    <Text Include="Resources\screenFragmentShader.txt">
      <Filter>Resource Files\Shaders</Filter>
    </Text>
    <Text Include="Resources\screenVertexShader.txt">
      <Filter>Resource Files\Shaders</Filter>
    </Text>
    <Text Include="Resources\simpleFragmentShader.txt">
      <Filter>Resource Files\Shaders</Filter>
    </Text>
    <Text Include="Resources\simpleVertexShader.txt">
      <Filter>Resource Files\Shaders</Filter>
    </Text>
    <Text Include="Resources\staticFragmentShader.txt">
      <Filter>Resource Files\Shaders</Filter>
    </Text>
    <Text Include="Resources\staticVertexShader.txt">
      <Filter>Resource Files\Shaders</Filter>
    </Text>
    <Text Include="Resources\terrainFragmentShader.txt">
      <Filter>Resource Files\Shaders</Filter>
    </Text>
    <Text Include="Resources\terrainVertexShader.txt">
      <Filter>Resource Files\Shaders</Filter>
    </Text>
    <Text Include="Resources\textFragmentShader.txt">
      <Filter>Resource Files\Shaders</Filter>
    </Text>
    <Text Include="Resources\textVertexShader.txt">
      <Filter>Resource Files\Shaders</Filter>
    </Text>
    <Text Include="Resources\uiFragmentShader.txt">
      <Filter>Resource Files\Shaders</Filter>
    </Text>
    <Text Include="Resources\uiVertexShader.txt">
      <Filter>Resource Files\Shaders</Filter>
    </Text>
    <Text Include="Resources\Font.txt" />
  </ItemGroup>
  <ItemGroup>
    <Image Include="Resources\bracket.png">
      <Filter>Resource Files</Filter>
    </Image>
    <Image Include="Resources\CarpenterHouse.png">
      <Filter>Resource Files</Filter>
    </Image>
    <Image Include="Resources\dash.png">
      <Filter>Resource Files</Filter>
    </Image>
    <Image Include="Resources\Default.png">
      <Filter>Resource Files</Filter>
    </Image>
    <Image Include="Resources\Echo.png">
      <Filter>Resource Files</Filter>
    </Image>
    <Image Include="Resources\Edwin.png">
      <Filter>Resource Files</Filter>
    </Image>
    <Image Include="Resources\empty_skill.png">
      <Filter>Resource Files</Filter>
    </Image>
    <Image Include="Resources\Exteriordecor.png">
      <Filter>Resource Files</Filter>
    </Image>
    <Image Include="Resources\Fire.png">
      <Filter>Resource Files</Filter>
    </Image>
    <Image Include="Resources\FireSlime.png">
      <Filter>Resource Files</Filter>
    </Image>
    <Image Include="Resources\Font_Texture.png">
      <Filter>Resource Files</Filter>
    </Image>
    <Image Include="Resources\Grass.png">
      <Filter>Resource Files</Filter>
    </Image>
    <Image Include="Resources\GreenSlime.png">
      <Filter>Resource Files</Filter>
    </Image>
    <Image Include="Resources\lightTex.png">
      <Filter>Resource Files</Filter>
    </Image>
    <Image Include="Resources\Rain.png">
      <Filter>Resource Files</Filter>
    </Image>
    <Image Include="Resources\Rose.png">
      <Filter>Resource Files</Filter>
    </Image>
    <Image Include="Resources\SkySlime.png">
      <Filter>Resource Files</Filter>
    </Image>
    <Image Include="Resources\slime.png">
      <Filter>Resource Files</Filter>
    </Image>
    <Image Include="Resources\slimebasic.png">
      <Filter>Resource Files</Filter>
    </Image>
    <Image Include="Resources\Sprites.png">
      <Filter>Resource Files</Filter>
    </Image>
    <Image Include="Resources\sword.png">
      <Filter>Resource Files</Filter>
    </Image>
    <Image Include="Resources\Tree.png">
      <Filter>Resource Files</Filter>
    </Image>
    <Image Include="Resources\Wizard.png">
      <Filter>Resource Files</Filter>
    </Image>
    <Image Include="CarpenterHouse.png">
      <Filter>Resource Files</Filter>
    </Image>
    <Image Include="FireSlime.png">
      <Filter>Resource Files</Filter>
    </Image>
    <Image Include="GreenSlime.png">
      <Filter>Resource Files</Filter>
    </Image>
    <Image Include="Rose.png">
      <Filter>Resource Files</Filter>
    </Image>
    <Image Include="SkySlime.png">
      <Filter>Resource Files</Filter>
    </Image>
  </ItemGroup>
  <ItemGroup>
    <None Include="copyShaders.bat">
      <Filter>Resource Files</Filter>
    </None>
  </ItemGroup>
</Project>